
Microsoft Visual Studio Solution File, Format Version 12.00
# Visual Studio 15
Project("{FAE04EC0-301F-11D3-BF4B-00C04F79EFBC}") = "Unity.Timeline", "Unity.Timeline.csproj", "{E1CEDEBB-CE0C-6C1B-ED61-29F5ED6BB5AA}"
EndProject
Project("{FAE04EC0-301F-11D3-BF4B-00C04F79EFBC}") = "Unity.RenderPipelines.GPUDriven.Runtime", "Unity.RenderPipelines.GPUDriven.Runtime.csproj", "{78474E6A-C86C-3CD0-9D37-464911485625}"
EndProject
Project("{FAE04EC0-301F-11D3-BF4B-00C04F79EFBC}") = "Unity.PlasticSCM.Editor", "Unity.PlasticSCM.Editor.csproj", "{3AE7CA8A-7326-2179-0299-1C40C4495CDF}"
EndProject
Project("{FAE04EC0-301F-11D3-BF4B-00C04F79EFBC}") = "Unity.ShaderGraph.Editor", "Unity.ShaderGraph.Editor.csproj", "{03C8BB55-2EBF-5905-37DA-11AB56F65F18}"
EndProject
Project("{FAE04EC0-301F-11D3-BF4B-00C04F79EFBC}") = "Unity.RenderPipelines.Core.Runtime", "Unity.RenderPipelines.Core.Runtime.csproj", "{DB3078D8-D8CD-8ACE-51E5-BC0478A72936}"
EndProject
Project("{FAE04EC0-301F-11D3-BF4B-00C04F79EFBC}") = "Unity.Mathematics", "Unity.Mathematics.csproj", "{F23F5F0F-6876-663C-6C06-2FA7E29764CF}"
EndProject
Project("{FAE04EC0-301F-11D3-BF4B-00C04F79EFBC}") = "Unity.Timeline.Editor", "Unity.Timeline.Editor.csproj", "{BC2288E3-8DDD-F322-C47D-6B0995010D57}"
EndProject
Project("{FAE04EC0-301F-11D3-BF4B-00C04F79EFBC}") = "Unity.Multiplayer.Center.Editor", "Unity.Multiplayer.Center.Editor.csproj", "{2867F387-A653-BF23-D28F-D8DE4658BCBE}"
EndProject
Project("{FAE04EC0-301F-11D3-BF4B-00C04F79EFBC}") = "Unity.RenderPipelines.Core.Editor", "Unity.RenderPipelines.Core.Editor.csproj", "{D4B8495B-3037-6F3B-E695-061CF553B26B}"
EndProject
Project("{FAE04EC0-301F-11D3-BF4B-00C04F79EFBC}") = "Unity.Collections", "Unity.Collections.csproj", "{0591C197-6D32-F32B-17BF-AD31C5EAF8B2}"
EndProject
Project("{FAE04EC0-301F-11D3-BF4B-00C04F79EFBC}") = "UnityEngine.UI", "UnityEngine.UI.csproj", "{72CA6CED-F44D-0FA5-8496-BC9C267BBA5F}"
EndProject
Project("{FAE04EC0-301F-11D3-BF4B-00C04F79EFBC}") = "Unity.RenderPipelines.Universal.2D.Runtime", "Unity.RenderPipelines.Universal.2D.Runtime.csproj", "{CFDCA921-E268-7C5E-D0FE-7D9083255B29}"
EndProject
Project("{FAE04EC0-301F-11D3-BF4B-00C04F79EFBC}") = "Unity.VisualScripting.Core.Editor", "Unity.VisualScripting.Core.Editor.csproj", "{475DC5B8-B605-9AEA-CC86-E5B16BC47EDD}"
EndProject
Project("{FAE04EC0-301F-11D3-BF4B-00C04F79EFBC}") = "Unity.RenderPipelines.Universal.Editor", "Unity.RenderPipelines.Universal.Editor.csproj", "{E4B173C0-94AD-C836-1E12-895231A80D9A}"
EndProject
Project("{FAE04EC0-301F-11D3-BF4B-00C04F79EFBC}") = "Unity.PerformanceTesting.Editor", "Unity.PerformanceTesting.Editor.csproj", "{849B3B1D-43B4-0E9C-3635-51E6C73B491D}"
EndProject
Project("{FAE04EC0-301F-11D3-BF4B-00C04F79EFBC}") = "UnityEngine.TestRunner", "UnityEngine.TestRunner.csproj", "{86ACA633-3CD3-5503-04D2-6D7ADB971872}"
EndProject
Project("{FAE04EC0-301F-11D3-BF4B-00C04F79EFBC}") = "Unity.Burst", "Unity.Burst.csproj", "{BE872E11-585B-416F-6EE8-04EFD9C7EF32}"
EndProject
Project("{FAE04EC0-301F-11D3-BF4B-00C04F79EFBC}") = "Unity.VisualScripting.Flow.Editor", "Unity.VisualScripting.Flow.Editor.csproj", "{785F2E00-8023-7CB6-4FF6-D41935A8FF1F}"
EndProject
Project("{FAE04EC0-301F-11D3-BF4B-00C04F79EFBC}") = "Unity.VisualStudio.Editor", "Unity.VisualStudio.Editor.csproj", "{DB1313BC-890A-42ED-186E-2128E9E629AE}"
EndProject
Project("{FAE04EC0-301F-11D3-BF4B-00C04F79EFBC}") = "Unity.InputSystem", "Unity.InputSystem.csproj", "{3F737EC8-CCD7-4D09-E5F0-228E8D7767ED}"
EndProject
Project("{FAE04EC0-301F-11D3-BF4B-00C04F79EFBC}") = "PPv2URPConverters", "PPv2URPConverters.csproj", "{5BA70FA0-52D3-E427-8B51-33877406996F}"
EndProject
Project("{FAE04EC0-301F-11D3-BF4B-00C04F79EFBC}") = "Unity.Searcher.Editor", "Unity.Searcher.Editor.csproj", "{8E6AC737-1C60-2493-EC4D-D91AEA8FD084}"
EndProject
Project("{FAE04EC0-301F-11D3-BF4B-00C04F79EFBC}") = "UnityEditor.TestRunner", "UnityEditor.TestRunner.csproj", "{2EDAEEFD-91FC-39C6-4974-DC2D7A74F495}"
EndProject
Project("{FAE04EC0-301F-11D3-BF4B-00C04F79EFBC}") = "Unity.VisualScripting.Core", "Unity.VisualScripting.Core.csproj", "{2BC0DFAE-7D7B-B787-ED07-32AF15A18A35}"
EndProject
Project("{FAE04EC0-301F-11D3-BF4B-00C04F79EFBC}") = "Unity.RenderPipelines.Universal.Runtime", "Unity.RenderPipelines.Universal.Runtime.csproj", "{C9D2F6DE-9C9D-D0EB-7620-82EE8A28BE14}"
EndProject
Project("{FAE04EC0-301F-11D3-BF4B-00C04F79EFBC}") = "Unity.CollabProxy.Editor", "Unity.CollabProxy.Editor.csproj", "{F9B855EE-2C37-79DF-CD6C-E2197CB62772}"
EndProject
Project("{FAE04EC0-301F-11D3-BF4B-00C04F79EFBC}") = "Unity.AI.Navigation.Editor.ConversionSystem", "Unity.AI.Navigation.Editor.ConversionSystem.csproj", "{1AC48CF7-3F29-E80A-071E-B6064FFB3AC5}"
EndProject
Project("{FAE04EC0-301F-11D3-BF4B-00C04F79EFBC}") = "Unity.VisualScripting.State.Editor", "Unity.VisualScripting.State.Editor.csproj", "{A084CF47-A86E-452A-75D2-6E22D98F8AA2}"
EndProject
Project("{FAE04EC0-301F-11D3-BF4B-00C04F79EFBC}") = "Unity.Burst.CodeGen", "Unity.Burst.CodeGen.csproj", "{F5BE4157-9F6C-620B-05CF-87578602821E}"
EndProject
Project("{FAE04EC0-301F-11D3-BF4B-00C04F79EFBC}") = "Unity.VisualScripting.Flow", "Unity.VisualScripting.Flow.csproj", "{B69D9AB2-8E92-92B7-30BD-34D3390B75E9}"
EndProject
Project("{FAE04EC0-301F-11D3-BF4B-00C04F79EFBC}") = "Unity.PerformanceTesting", "Unity.PerformanceTesting.csproj", "{D1A1EECA-7386-A76C-0213-0BBC2AD8C311}"
EndProject
Project("{FAE04EC0-301F-11D3-BF4B-00C04F79EFBC}") = "Unity.TextMeshPro", "Unity.TextMeshPro.csproj", "{BD841604-084E-9211-04B6-04BDA00AB77E}"
EndProject
Project("{FAE04EC0-301F-11D3-BF4B-00C04F79EFBC}") = "Unity.TextMeshPro.Editor", "Unity.TextMeshPro.Editor.csproj", "{F41670C8-876A-6F11-ECEB-BC8D38CCADEB}"
EndProject
Project("{FAE04EC0-301F-11D3-BF4B-00C04F79EFBC}") = "Unity.Rendering.LightTransport.Runtime", "Unity.Rendering.LightTransport.Runtime.csproj", "{9AD9D2F2-1669-5AFB-2A92-60F97EC37605}"
EndProject
Project("{FAE04EC0-301F-11D3-BF4B-00C04F79EFBC}") = "Unity.Burst.Editor", "Unity.Burst.Editor.csproj", "{7EC3C486-5B30-DFF1-7281-74FBE99CEE8C}"
EndProject
Project("{FAE04EC0-301F-11D3-BF4B-00C04F79EFBC}") = "Unity.Rider.Editor", "Unity.Rider.Editor.csproj", "{269EB3CC-1EA4-85C0-D007-BC95F28C25FC}"
EndProject
Project("{FAE04EC0-301F-11D3-BF4B-00C04F79EFBC}") = "Unity.VisualScripting.State", "Unity.VisualScripting.State.csproj", "{67EBFA96-C0E4-6F1D-7EDE-4B30BB1694A7}"
EndProject
Project("{FAE04EC0-301F-11D3-BF4B-00C04F79EFBC}") = "Unity.AI.Navigation.Updater", "Unity.AI.Navigation.Updater.csproj", "{D149349F-6DA2-3E16-82CA-8965957499D2}"
EndProject
Project("{FAE04EC0-301F-11D3-BF4B-00C04F79EFBC}") = "UnityEditor.UI", "UnityEditor.UI.csproj", "{CD17F0F2-8BAD-86B8-B847-F19BB7935BD4}"
EndProject
Project("{FAE04EC0-301F-11D3-BF4B-00C04F79EFBC}") = "Unity.AI.Navigation.Editor", "Unity.AI.Navigation.Editor.csproj", "{1FD3C87C-187C-558F-7E70-A6A7CEC018B7}"
EndProject
Project("{FAE04EC0-301F-11D3-BF4B-00C04F79EFBC}") = "Unity.Multiplayer.Center.Common", "Unity.Multiplayer.Center.Common.csproj", "{3EEE734F-8764-847A-196D-12148AABD9C9}"
EndProject
Project("{FAE04EC0-301F-11D3-BF4B-00C04F79EFBC}") = "Unity.InputSystem.ForUI", "Unity.InputSystem.ForUI.csproj", "{D5D2C595-D3E8-BE23-6817-0FC52A77348D}"
EndProject
Project("{FAE04EC0-301F-11D3-BF4B-00C04F79EFBC}") = "Unity.AI.Navigation", "Unity.AI.Navigation.csproj", "{B3E8B6B7-6119-9CE3-AF77-A5E0FE4055FE}"
EndProject
Project("{FAE04EC0-301F-11D3-BF4B-00C04F79EFBC}") = "Unity.Collections.CodeGen", "Unity.Collections.CodeGen.csproj", "{0E8301C3-E440-204D-6E59-826C900FC80D}"
EndProject
Project("{FAE04EC0-301F-11D3-BF4B-00C04F79EFBC}") = "Unity.Mathematics.Editor", "Unity.Mathematics.Editor.csproj", "{BEC8547D-698B-79FE-10BB-824CCD4AC3B6}"
EndProject
Project("{FAE04EC0-301F-11D3-BF4B-00C04F79EFBC}") = "Unity.VisualScripting.SettingsProvider.Editor", "Unity.VisualScripting.SettingsProvider.Editor.csproj", "{274C56C8-E0F4-9E1D-2CD1-2EC46B8E675F}"
EndProject
Project("{FAE04EC0-301F-11D3-BF4B-00C04F79EFBC}") = "Assembly-CSharp-Editor", "Assembly-CSharp-Editor.csproj", "{1DCB5536-66D6-9A51-B996-E6939002FDFA}"
EndProject
Project("{FAE04EC0-301F-11D3-BF4B-00C04F79EFBC}") = "Unity.InputSystem.TestFramework", "Unity.InputSystem.TestFramework.csproj", "{BD1226CD-3E14-DB31-A55D-0E25B6E84553}"
EndProject
Project("{FAE04EC0-301F-11D3-BF4B-00C04F79EFBC}") = "Unity.ShaderGraph.Utilities", "Unity.ShaderGraph.Utilities.csproj", "{EF29CF96-B490-189E-0EF8-DFAA45604DAA}"
EndProject
Project("{FAE04EC0-301F-11D3-BF4B-00C04F79EFBC}") = "Unity.VisualScripting.Shared.Editor", "Unity.VisualScripting.Shared.Editor.csproj", "{43B908E4-2EB5-F517-08C8-C66554709F51}"
EndProject
Project("{FAE04EC0-301F-11D3-BF4B-00C04F79EFBC}") = "Unity.RenderPipeline.Universal.ShaderLibrary", "Unity.RenderPipeline.Universal.ShaderLibrary.csproj", "{7750F872-94CC-7FB5-0CC2-52C2FC8D8E87}"
EndProject
Project("{FAE04EC0-301F-11D3-BF4B-00C04F79EFBC}") = "Unity.Rendering.LightTransport.Editor", "Unity.Rendering.LightTransport.Editor.csproj", "{643EA24B-9A4C-FD07-642C-6B321A7DECD7}"
EndProject
Project("{FAE04EC0-301F-11D3-BF4B-00C04F79EFBC}") = "Unity.InputSystem.DocCodeSamples", "Unity.InputSystem.DocCodeSamples.csproj", "{7726AA70-B585-0124-7E2F-5E8FC9164AB3}"
EndProject
Project("{FAE04EC0-301F-11D3-BF4B-00C04F79EFBC}") = "Unity.RenderPipelines.Universal.Shaders", "Unity.RenderPipelines.Universal.Shaders.csproj", "{313266C4-CF44-AF96-7CB4-E57A9AEAC0C3}"
EndProject
Project("{FAE04EC0-301F-11D3-BF4B-00C04F79EFBC}") = "Unity.RenderPipelines.Core.Runtime.Shared", "Unity.RenderPipelines.Core.Runtime.Shared.csproj", "{C4B95DF7-6EAF-B200-8380-244F6BC5DC70}"
EndProject
Project("{FAE04EC0-301F-11D3-BF4B-00C04F79EFBC}") = "Assembly-CSharp", "Assembly-CSharp.csproj", "{2592D89D-5A13-5106-9C48-13CACF1B3A9A}"
EndProject
Project("{FAE04EC0-301F-11D3-BF4B-00C04F79EFBC}") = "Unity.Collections.Editor", "Unity.Collections.Editor.csproj", "{2289E7F5-5D75-34D9-1AB8-EEF012855AA6}"
EndProject
Project("{FAE04EC0-301F-11D3-BF4B-00C04F79EFBC}") = "Unity.RenderPipelines.Universal.Config.Runtime", "Unity.RenderPipelines.Universal.Config.Runtime.csproj", "{2D6C6D14-FAAC-6FE0-3A6D-704D0BE349E8}"
EndProject
Project("{FAE04EC0-301F-11D3-BF4B-00C04F79EFBC}") = "Unity.RenderPipelines.ShaderGraph.ShaderGraphLibrary", "Unity.RenderPipelines.ShaderGraph.ShaderGraphLibrary.csproj", "{759A31BC-221C-FAE3-B510-AE47474B8615}"
EndProject
Project("{FAE04EC0-301F-11D3-BF4B-00C04F79EFBC}") = "Unity.RenderPipelines.Core.ShaderLibrary", "Unity.RenderPipelines.Core.ShaderLibrary.csproj", "{F67DB283-0226-A7E3-3585-DEA1AB89031E}"
EndProject
Project("{FAE04EC0-301F-11D3-BF4B-00C04F79EFBC}") = "Unity.RenderPipelines.Core.Editor.Shared", "Unity.RenderPipelines.Core.Editor.Shared.csproj", "{0D2CF8FF-56CE-6F27-3603-AE6F5D51AAE6}"
EndProject
Global
	GlobalSection(SolutionConfigurationPlatforms) = preSolution
		Debug|Any CPU = Debug|Any CPU
		Release|Any CPU = Release|Any CPU
	EndGlobalSection
	GlobalSection(ProjectConfigurationPlatforms) = postSolution
		{E1CEDEBB-CE0C-6C1B-ED61-29F5ED6BB5AA}.Debug|Any CPU.ActiveCfg = Debug|Any CPU
		{E1CEDEBB-CE0C-6C1B-ED61-29F5ED6BB5AA}.Debug|Any CPU.Build.0 = Debug|Any CPU
		{E1CEDEBB-CE0C-6C1B-ED61-29F5ED6BB5AA}.Release|Any CPU.ActiveCfg = Release|Any CPU
		{E1CEDEBB-CE0C-6C1B-ED61-29F5ED6BB5AA}.Release|Any CPU.Build.0 = Release|Any CPU
		{78474E6A-C86C-3CD0-9D37-464911485625}.Debug|Any CPU.ActiveCfg = Debug|Any CPU
		{78474E6A-C86C-3CD0-9D37-464911485625}.Debug|Any CPU.Build.0 = Debug|Any CPU
		{78474E6A-C86C-3CD0-9D37-464911485625}.Release|Any CPU.ActiveCfg = Release|Any CPU
		{78474E6A-C86C-3CD0-9D37-464911485625}.Release|Any CPU.Build.0 = Release|Any CPU
		{3AE7CA8A-7326-2179-0299-1C40C4495CDF}.Debug|Any CPU.ActiveCfg = Debug|Any CPU
		{3AE7CA8A-7326-2179-0299-1C40C4495CDF}.Debug|Any CPU.Build.0 = Debug|Any CPU
		{3AE7CA8A-7326-2179-0299-1C40C4495CDF}.Release|Any CPU.ActiveCfg = Release|Any CPU
		{3AE7CA8A-7326-2179-0299-1C40C4495CDF}.Release|Any CPU.Build.0 = Release|Any CPU
		{03C8BB55-2EBF-5905-37DA-11AB56F65F18}.Debug|Any CPU.ActiveCfg = Debug|Any CPU
		{03C8BB55-2EBF-5905-37DA-11AB56F65F18}.Debug|Any CPU.Build.0 = Debug|Any CPU
		{03C8BB55-2EBF-5905-37DA-11AB56F65F18}.Release|Any CPU.ActiveCfg = Release|Any CPU
		{03C8BB55-2EBF-5905-37DA-11AB56F65F18}.Release|Any CPU.Build.0 = Release|Any CPU
		{DB3078D8-D8CD-8ACE-51E5-BC0478A72936}.Debug|Any CPU.ActiveCfg = Debug|Any CPU
		{DB3078D8-D8CD-8ACE-51E5-BC0478A72936}.Debug|Any CPU.Build.0 = Debug|Any CPU
		{DB3078D8-D8CD-8ACE-51E5-BC0478A72936}.Release|Any CPU.ActiveCfg = Release|Any CPU
		{DB3078D8-D8CD-8ACE-51E5-BC0478A72936}.Release|Any CPU.Build.0 = Release|Any CPU
		{F23F5F0F-6876-663C-6C06-2FA7E29764CF}.Debug|Any CPU.ActiveCfg = Debug|Any CPU
		{F23F5F0F-6876-663C-6C06-2FA7E29764CF}.Debug|Any CPU.Build.0 = Debug|Any CPU
		{F23F5F0F-6876-663C-6C06-2FA7E29764CF}.Release|Any CPU.ActiveCfg = Release|Any CPU
		{F23F5F0F-6876-663C-6C06-2FA7E29764CF}.Release|Any CPU.Build.0 = Release|Any CPU
		{BC2288E3-8DDD-F322-C47D-6B0995010D57}.Debug|Any CPU.ActiveCfg = Debug|Any CPU
		{BC2288E3-8DDD-F322-C47D-6B0995010D57}.Debug|Any CPU.Build.0 = Debug|Any CPU
		{BC2288E3-8DDD-F322-C47D-6B0995010D57}.Release|Any CPU.ActiveCfg = Release|Any CPU
		{BC2288E3-8DDD-F322-C47D-6B0995010D57}.Release|Any CPU.Build.0 = Release|Any CPU
		{2867F387-A653-BF23-D28F-D8DE4658BCBE}.Debug|Any CPU.ActiveCfg = Debug|Any CPU
		{2867F387-A653-BF23-D28F-D8DE4658BCBE}.Debug|Any CPU.Build.0 = Debug|Any CPU
		{2867F387-A653-BF23-D28F-D8DE4658BCBE}.Release|Any CPU.ActiveCfg = Release|Any CPU
		{2867F387-A653-BF23-D28F-D8DE4658BCBE}.Release|Any CPU.Build.0 = Release|Any CPU
		{D4B8495B-3037-6F3B-E695-061CF553B26B}.Debug|Any CPU.ActiveCfg = Debug|Any CPU
		{D4B8495B-3037-6F3B-E695-061CF553B26B}.Debug|Any CPU.Build.0 = Debug|Any CPU
		{D4B8495B-3037-6F3B-E695-061CF553B26B}.Release|Any CPU.ActiveCfg = Release|Any CPU
		{D4B8495B-3037-6F3B-E695-061CF553B26B}.Release|Any CPU.Build.0 = Release|Any CPU
		{0591C197-6D32-F32B-17BF-AD31C5EAF8B2}.Debug|Any CPU.ActiveCfg = Debug|Any CPU
		{0591C197-6D32-F32B-17BF-AD31C5EAF8B2}.Debug|Any CPU.Build.0 = Debug|Any CPU
		{0591C197-6D32-F32B-17BF-AD31C5EAF8B2}.Release|Any CPU.ActiveCfg = Release|Any CPU
		{0591C197-6D32-F32B-17BF-AD31C5EAF8B2}.Release|Any CPU.Build.0 = Release|Any CPU
		{72CA6CED-F44D-0FA5-8496-BC9C267BBA5F}.Debug|Any CPU.ActiveCfg = Debug|Any CPU
		{72CA6CED-F44D-0FA5-8496-BC9C267BBA5F}.Debug|Any CPU.Build.0 = Debug|Any CPU
		{72CA6CED-F44D-0FA5-8496-BC9C267BBA5F}.Release|Any CPU.ActiveCfg = Release|Any CPU
		{72CA6CED-F44D-0FA5-8496-BC9C267BBA5F}.Release|Any CPU.Build.0 = Release|Any CPU
		{CFDCA921-E268-7C5E-D0FE-7D9083255B29}.Debug|Any CPU.ActiveCfg = Debug|Any CPU
		{CFDCA921-E268-7C5E-D0FE-7D9083255B29}.Debug|Any CPU.Build.0 = Debug|Any CPU
		{CFDCA921-E268-7C5E-D0FE-7D9083255B29}.Release|Any CPU.ActiveCfg = Release|Any CPU
		{CFDCA921-E268-7C5E-D0FE-7D9083255B29}.Release|Any CPU.Build.0 = Release|Any CPU
		{475DC5B8-B605-9AEA-CC86-E5B16BC47EDD}.Debug|Any CPU.ActiveCfg = Debug|Any CPU
		{475DC5B8-B605-9AEA-CC86-E5B16BC47EDD}.Debug|Any CPU.Build.0 = Debug|Any CPU
		{475DC5B8-B605-9AEA-CC86-E5B16BC47EDD}.Release|Any CPU.ActiveCfg = Release|Any CPU
		{475DC5B8-B605-9AEA-CC86-E5B16BC47EDD}.Release|Any CPU.Build.0 = Release|Any CPU
		{E4B173C0-94AD-C836-1E12-895231A80D9A}.Debug|Any CPU.ActiveCfg = Debug|Any CPU
		{E4B173C0-94AD-C836-1E12-895231A80D9A}.Debug|Any CPU.Build.0 = Debug|Any CPU
		{E4B173C0-94AD-C836-1E12-895231A80D9A}.Release|Any CPU.ActiveCfg = Release|Any CPU
		{E4B173C0-94AD-C836-1E12-895231A80D9A}.Release|Any CPU.Build.0 = Release|Any CPU
		{849B3B1D-43B4-0E9C-3635-51E6C73B491D}.Debug|Any CPU.ActiveCfg = Debug|Any CPU
		{849B3B1D-43B4-0E9C-3635-51E6C73B491D}.Debug|Any CPU.Build.0 = Debug|Any CPU
		{849B3B1D-43B4-0E9C-3635-51E6C73B491D}.Release|Any CPU.ActiveCfg = Release|Any CPU
		{849B3B1D-43B4-0E9C-3635-51E6C73B491D}.Release|Any CPU.Build.0 = Release|Any CPU
		{86ACA633-3CD3-5503-04D2-6D7ADB971872}.Debug|Any CPU.ActiveCfg = Debug|Any CPU
		{86ACA633-3CD3-5503-04D2-6D7ADB971872}.Debug|Any CPU.Build.0 = Debug|Any CPU
		{86ACA633-3CD3-5503-04D2-6D7ADB971872}.Release|Any CPU.ActiveCfg = Release|Any CPU
		{86ACA633-3CD3-5503-04D2-6D7ADB971872}.Release|Any CPU.Build.0 = Release|Any CPU
		{BE872E11-585B-416F-6EE8-04EFD9C7EF32}.Debug|Any CPU.ActiveCfg = Debug|Any CPU
		{BE872E11-585B-416F-6EE8-04EFD9C7EF32}.Debug|Any CPU.Build.0 = Debug|Any CPU
		{BE872E11-585B-416F-6EE8-04EFD9C7EF32}.Release|Any CPU.ActiveCfg = Release|Any CPU
		{BE872E11-585B-416F-6EE8-04EFD9C7EF32}.Release|Any CPU.Build.0 = Release|Any CPU
		{785F2E00-8023-7CB6-4FF6-D41935A8FF1F}.Debug|Any CPU.ActiveCfg = Debug|Any CPU
		{785F2E00-8023-7CB6-4FF6-D41935A8FF1F}.Debug|Any CPU.Build.0 = Debug|Any CPU
		{785F2E00-8023-7CB6-4FF6-D41935A8FF1F}.Release|Any CPU.ActiveCfg = Release|Any CPU
		{785F2E00-8023-7CB6-4FF6-D41935A8FF1F}.Release|Any CPU.Build.0 = Release|Any CPU
		{DB1313BC-890A-42ED-186E-2128E9E629AE}.Debug|Any CPU.ActiveCfg = Debug|Any CPU
		{DB1313BC-890A-42ED-186E-2128E9E629AE}.Debug|Any CPU.Build.0 = Debug|Any CPU
		{DB1313BC-890A-42ED-186E-2128E9E629AE}.Release|Any CPU.ActiveCfg = Release|Any CPU
		{DB1313BC-890A-42ED-186E-2128E9E629AE}.Release|Any CPU.Build.0 = Release|Any CPU
		{3F737EC8-CCD7-4D09-E5F0-228E8D7767ED}.Debug|Any CPU.ActiveCfg = Debug|Any CPU
		{3F737EC8-CCD7-4D09-E5F0-228E8D7767ED}.Debug|Any CPU.Build.0 = Debug|Any CPU
		{3F737EC8-CCD7-4D09-E5F0-228E8D7767ED}.Release|Any CPU.ActiveCfg = Release|Any CPU
		{3F737EC8-CCD7-4D09-E5F0-228E8D7767ED}.Release|Any CPU.Build.0 = Release|Any CPU
		{5BA70FA0-52D3-E427-8B51-33877406996F}.Debug|Any CPU.ActiveCfg = Debug|Any CPU
		{5BA70FA0-52D3-E427-8B51-33877406996F}.Debug|Any CPU.Build.0 = Debug|Any CPU
		{5BA70FA0-52D3-E427-8B51-33877406996F}.Release|Any CPU.ActiveCfg = Release|Any CPU
		{5BA70FA0-52D3-E427-8B51-33877406996F}.Release|Any CPU.Build.0 = Release|Any CPU
		{8E6AC737-1C60-2493-EC4D-D91AEA8FD084}.Debug|Any CPU.ActiveCfg = Debug|Any CPU
		{8E6AC737-1C60-2493-EC4D-D91AEA8FD084}.Debug|Any CPU.Build.0 = Debug|Any CPU
		{8E6AC737-1C60-2493-EC4D-D91AEA8FD084}.Release|Any CPU.ActiveCfg = Release|Any CPU
		{8E6AC737-1C60-2493-EC4D-D91AEA8FD084}.Release|Any CPU.Build.0 = Release|Any CPU
		{2EDAEEFD-91FC-39C6-4974-DC2D7A74F495}.Debug|Any CPU.ActiveCfg = Debug|Any CPU
		{2EDAEEFD-91FC-39C6-4974-DC2D7A74F495}.Debug|Any CPU.Build.0 = Debug|Any CPU
		{2EDAEEFD-91FC-39C6-4974-DC2D7A74F495}.Release|Any CPU.ActiveCfg = Release|Any CPU
		{2EDAEEFD-91FC-39C6-4974-DC2D7A74F495}.Release|Any CPU.Build.0 = Release|Any CPU
		{2BC0DFAE-7D7B-B787-ED07-32AF15A18A35}.Debug|Any CPU.ActiveCfg = Debug|Any CPU
		{2BC0DFAE-7D7B-B787-ED07-32AF15A18A35}.Debug|Any CPU.Build.0 = Debug|Any CPU
		{2BC0DFAE-7D7B-B787-ED07-32AF15A18A35}.Release|Any CPU.ActiveCfg = Release|Any CPU
		{2BC0DFAE-7D7B-B787-ED07-32AF15A18A35}.Release|Any CPU.Build.0 = Release|Any CPU
		{C9D2F6DE-9C9D-D0EB-7620-82EE8A28BE14}.Debug|Any CPU.ActiveCfg = Debug|Any CPU
		{C9D2F6DE-9C9D-D0EB-7620-82EE8A28BE14}.Debug|Any CPU.Build.0 = Debug|Any CPU
		{C9D2F6DE-9C9D-D0EB-7620-82EE8A28BE14}.Release|Any CPU.ActiveCfg = Release|Any CPU
		{C9D2F6DE-9C9D-D0EB-7620-82EE8A28BE14}.Release|Any CPU.Build.0 = Release|Any CPU
		{F9B855EE-2C37-79DF-CD6C-E2197CB62772}.Debug|Any CPU.ActiveCfg = Debug|Any CPU
		{F9B855EE-2C37-79DF-CD6C-E2197CB62772}.Debug|Any CPU.Build.0 = Debug|Any CPU
		{F9B855EE-2C37-79DF-CD6C-E2197CB62772}.Release|Any CPU.ActiveCfg = Release|Any CPU
		{F9B855EE-2C37-79DF-CD6C-E2197CB62772}.Release|Any CPU.Build.0 = Release|Any CPU
		{1AC48CF7-3F29-E80A-071E-B6064FFB3AC5}.Debug|Any CPU.ActiveCfg = Debug|Any CPU
		{1AC48CF7-3F29-E80A-071E-B6064FFB3AC5}.Debug|Any CPU.Build.0 = Debug|Any CPU
		{1AC48CF7-3F29-E80A-071E-B6064FFB3AC5}.Release|Any CPU.ActiveCfg = Release|Any CPU
		{1AC48CF7-3F29-E80A-071E-B6064FFB3AC5}.Release|Any CPU.Build.0 = Release|Any CPU
		{A084CF47-A86E-452A-75D2-6E22D98F8AA2}.Debug|Any CPU.ActiveCfg = Debug|Any CPU
		{A084CF47-A86E-452A-75D2-6E22D98F8AA2}.Debug|Any CPU.Build.0 = Debug|Any CPU
		{A084CF47-A86E-452A-75D2-6E22D98F8AA2}.Release|Any CPU.ActiveCfg = Release|Any CPU
		{A084CF47-A86E-452A-75D2-6E22D98F8AA2}.Release|Any CPU.Build.0 = Release|Any CPU
		{F5BE4157-9F6C-620B-05CF-87578602821E}.Debug|Any CPU.ActiveCfg = Debug|Any CPU
		{F5BE4157-9F6C-620B-05CF-87578602821E}.Debug|Any CPU.Build.0 = Debug|Any CPU
		{F5BE4157-9F6C-620B-05CF-87578602821E}.Release|Any CPU.ActiveCfg = Release|Any CPU
		{F5BE4157-9F6C-620B-05CF-87578602821E}.Release|Any CPU.Build.0 = Release|Any CPU
		{B69D9AB2-8E92-92B7-30BD-34D3390B75E9}.Debug|Any CPU.ActiveCfg = Debug|Any CPU
		{B69D9AB2-8E92-92B7-30BD-34D3390B75E9}.Debug|Any CPU.Build.0 = Debug|Any CPU
		{B69D9AB2-8E92-92B7-30BD-34D3390B75E9}.Release|Any CPU.ActiveCfg = Release|Any CPU
		{B69D9AB2-8E92-92B7-30BD-34D3390B75E9}.Release|Any CPU.Build.0 = Release|Any CPU
		{D1A1EECA-7386-A76C-0213-0BBC2AD8C311}.Debug|Any CPU.ActiveCfg = Debug|Any CPU
		{D1A1EECA-7386-A76C-0213-0BBC2AD8C311}.Debug|Any CPU.Build.0 = Debug|Any CPU
		{D1A1EECA-7386-A76C-0213-0BBC2AD8C311}.Release|Any CPU.ActiveCfg = Release|Any CPU
		{D1A1EECA-7386-A76C-0213-0BBC2AD8C311}.Release|Any CPU.Build.0 = Release|Any CPU
		{BD841604-084E-9211-04B6-04BDA00AB77E}.Debug|Any CPU.ActiveCfg = Debug|Any CPU
		{BD841604-084E-9211-04B6-04BDA00AB77E}.Debug|Any CPU.Build.0 = Debug|Any CPU
		{BD841604-084E-9211-04B6-04BDA00AB77E}.Release|Any CPU.ActiveCfg = Release|Any CPU
		{BD841604-084E-9211-04B6-04BDA00AB77E}.Release|Any CPU.Build.0 = Release|Any CPU
		{F41670C8-876A-6F11-ECEB-BC8D38CCADEB}.Debug|Any CPU.ActiveCfg = Debug|Any CPU
		{F41670C8-876A-6F11-ECEB-BC8D38CCADEB}.Debug|Any CPU.Build.0 = Debug|Any CPU
		{F41670C8-876A-6F11-ECEB-BC8D38CCADEB}.Release|Any CPU.ActiveCfg = Release|Any CPU
		{F41670C8-876A-6F11-ECEB-BC8D38CCADEB}.Release|Any CPU.Build.0 = Release|Any CPU
		{9AD9D2F2-1669-5AFB-2A92-60F97EC37605}.Debug|Any CPU.ActiveCfg = Debug|Any CPU
		{9AD9D2F2-1669-5AFB-2A92-60F97EC37605}.Debug|Any CPU.Build.0 = Debug|Any CPU
		{9AD9D2F2-1669-5AFB-2A92-60F97EC37605}.Release|Any CPU.ActiveCfg = Release|Any CPU
		{9AD9D2F2-1669-5AFB-2A92-60F97EC37605}.Release|Any CPU.Build.0 = Release|Any CPU
		{7EC3C486-5B30-DFF1-7281-74FBE99CEE8C}.Debug|Any CPU.ActiveCfg = Debug|Any CPU
		{7EC3C486-5B30-DFF1-7281-74FBE99CEE8C}.Debug|Any CPU.Build.0 = Debug|Any CPU
		{7EC3C486-5B30-DFF1-7281-74FBE99CEE8C}.Release|Any CPU.ActiveCfg = Release|Any CPU
		{7EC3C486-5B30-DFF1-7281-74FBE99CEE8C}.Release|Any CPU.Build.0 = Release|Any CPU
		{269EB3CC-1EA4-85C0-D007-BC95F28C25FC}.Debug|Any CPU.ActiveCfg = Debug|Any CPU
		{269EB3CC-1EA4-85C0-D007-BC95F28C25FC}.Debug|Any CPU.Build.0 = Debug|Any CPU
		{269EB3CC-1EA4-85C0-D007-BC95F28C25FC}.Release|Any CPU.ActiveCfg = Release|Any CPU
		{269EB3CC-1EA4-85C0-D007-BC95F28C25FC}.Release|Any CPU.Build.0 = Release|Any CPU
		{67EBFA96-C0E4-6F1D-7EDE-4B30BB1694A7}.Debug|Any CPU.ActiveCfg = Debug|Any CPU
		{67EBFA96-C0E4-6F1D-7EDE-4B30BB1694A7}.Debug|Any CPU.Build.0 = Debug|Any CPU
		{67EBFA96-C0E4-6F1D-7EDE-4B30BB1694A7}.Release|Any CPU.ActiveCfg = Release|Any CPU
		{67EBFA96-C0E4-6F1D-7EDE-4B30BB1694A7}.Release|Any CPU.Build.0 = Release|Any CPU
		{D149349F-6DA2-3E16-82CA-8965957499D2}.Debug|Any CPU.ActiveCfg = Debug|Any CPU
		{D149349F-6DA2-3E16-82CA-8965957499D2}.Debug|Any CPU.Build.0 = Debug|Any CPU
		{D149349F-6DA2-3E16-82CA-8965957499D2}.Release|Any CPU.ActiveCfg = Release|Any CPU
		{D149349F-6DA2-3E16-82CA-8965957499D2}.Release|Any CPU.Build.0 = Release|Any CPU
		{CD17F0F2-8BAD-86B8-B847-F19BB7935BD4}.Debug|Any CPU.ActiveCfg = Debug|Any CPU
		{CD17F0F2-8BAD-86B8-B847-F19BB7935BD4}.Debug|Any CPU.Build.0 = Debug|Any CPU
		{CD17F0F2-8BAD-86B8-B847-F19BB7935BD4}.Release|Any CPU.ActiveCfg = Release|Any CPU
		{CD17F0F2-8BAD-86B8-B847-F19BB7935BD4}.Release|Any CPU.Build.0 = Release|Any CPU
		{1FD3C87C-187C-558F-7E70-A6A7CEC018B7}.Debug|Any CPU.ActiveCfg = Debug|Any CPU
		{1FD3C87C-187C-558F-7E70-A6A7CEC018B7}.Debug|Any CPU.Build.0 = Debug|Any CPU
		{1FD3C87C-187C-558F-7E70-A6A7CEC018B7}.Release|Any CPU.ActiveCfg = Release|Any CPU
		{1FD3C87C-187C-558F-7E70-A6A7CEC018B7}.Release|Any CPU.Build.0 = Release|Any CPU
		{3EEE734F-8764-847A-196D-12148AABD9C9}.Debug|Any CPU.ActiveCfg = Debug|Any CPU
		{3EEE734F-8764-847A-196D-12148AABD9C9}.Debug|Any CPU.Build.0 = Debug|Any CPU
		{3EEE734F-8764-847A-196D-12148AABD9C9}.Release|Any CPU.ActiveCfg = Release|Any CPU
		{3EEE734F-8764-847A-196D-12148AABD9C9}.Release|Any CPU.Build.0 = Release|Any CPU
		{D5D2C595-D3E8-BE23-6817-0FC52A77348D}.Debug|Any CPU.ActiveCfg = Debug|Any CPU
		{D5D2C595-D3E8-BE23-6817-0FC52A77348D}.Debug|Any CPU.Build.0 = Debug|Any CPU
		{D5D2C595-D3E8-BE23-6817-0FC52A77348D}.Release|Any CPU.ActiveCfg = Release|Any CPU
		{D5D2C595-D3E8-BE23-6817-0FC52A77348D}.Release|Any CPU.Build.0 = Release|Any CPU
		{B3E8B6B7-6119-9CE3-AF77-A5E0FE4055FE}.Debug|Any CPU.ActiveCfg = Debug|Any CPU
		{B3E8B6B7-6119-9CE3-AF77-A5E0FE4055FE}.Debug|Any CPU.Build.0 = Debug|Any CPU
		{B3E8B6B7-6119-9CE3-AF77-A5E0FE4055FE}.Release|Any CPU.ActiveCfg = Release|Any CPU
		{B3E8B6B7-6119-9CE3-AF77-A5E0FE4055FE}.Release|Any CPU.Build.0 = Release|Any CPU
		{0E8301C3-E440-204D-6E59-826C900FC80D}.Debug|Any CPU.ActiveCfg = Debug|Any CPU
		{0E8301C3-E440-204D-6E59-826C900FC80D}.Debug|Any CPU.Build.0 = Debug|Any CPU
		{0E8301C3-E440-204D-6E59-826C900FC80D}.Release|Any CPU.ActiveCfg = Release|Any CPU
		{0E8301C3-E440-204D-6E59-826C900FC80D}.Release|Any CPU.Build.0 = Release|Any CPU
		{BEC8547D-698B-79FE-10BB-824CCD4AC3B6}.Debug|Any CPU.ActiveCfg = Debug|Any CPU
		{BEC8547D-698B-79FE-10BB-824CCD4AC3B6}.Debug|Any CPU.Build.0 = Debug|Any CPU
		{BEC8547D-698B-79FE-10BB-824CCD4AC3B6}.Release|Any CPU.ActiveCfg = Release|Any CPU
		{BEC8547D-698B-79FE-10BB-824CCD4AC3B6}.Release|Any CPU.Build.0 = Release|Any CPU
		{274C56C8-E0F4-9E1D-2CD1-2EC46B8E675F}.Debug|Any CPU.ActiveCfg = Debug|Any CPU
		{274C56C8-E0F4-9E1D-2CD1-2EC46B8E675F}.Debug|Any CPU.Build.0 = Debug|Any CPU
		{274C56C8-E0F4-9E1D-2CD1-2EC46B8E675F}.Release|Any CPU.ActiveCfg = Release|Any CPU
		{274C56C8-E0F4-9E1D-2CD1-2EC46B8E675F}.Release|Any CPU.Build.0 = Release|Any CPU
		{1DCB5536-66D6-9A51-B996-E6939002FDFA}.Debug|Any CPU.ActiveCfg = Debug|Any CPU
		{1DCB5536-66D6-9A51-B996-E6939002FDFA}.Debug|Any CPU.Build.0 = Debug|Any CPU
		{1DCB5536-66D6-9A51-B996-E6939002FDFA}.Release|Any CPU.ActiveCfg = Release|Any CPU
		{1DCB5536-66D6-9A51-B996-E6939002FDFA}.Release|Any CPU.Build.0 = Release|Any CPU
		{BD1226CD-3E14-DB31-A55D-0E25B6E84553}.Debug|Any CPU.ActiveCfg = Debug|Any CPU
		{BD1226CD-3E14-DB31-A55D-0E25B6E84553}.Debug|Any CPU.Build.0 = Debug|Any CPU
		{BD1226CD-3E14-DB31-A55D-0E25B6E84553}.Release|Any CPU.ActiveCfg = Release|Any CPU
		{BD1226CD-3E14-DB31-A55D-0E25B6E84553}.Release|Any CPU.Build.0 = Release|Any CPU
		{EF29CF96-B490-189E-0EF8-DFAA45604DAA}.Debug|Any CPU.ActiveCfg = Debug|Any CPU
		{EF29CF96-B490-189E-0EF8-DFAA45604DAA}.Debug|Any CPU.Build.0 = Debug|Any CPU
		{EF29CF96-B490-189E-0EF8-DFAA45604DAA}.Release|Any CPU.ActiveCfg = Release|Any CPU
		{EF29CF96-B490-189E-0EF8-DFAA45604DAA}.Release|Any CPU.Build.0 = Release|Any CPU
		{43B908E4-2EB5-F517-08C8-C66554709F51}.Debug|Any CPU.ActiveCfg = Debug|Any CPU
		{43B908E4-2EB5-F517-08C8-C66554709F51}.Debug|Any CPU.Build.0 = Debug|Any CPU
		{43B908E4-2EB5-F517-08C8-C66554709F51}.Release|Any CPU.ActiveCfg = Release|Any CPU
		{43B908E4-2EB5-F517-08C8-C66554709F51}.Release|Any CPU.Build.0 = Release|Any CPU
		{7750F872-94CC-7FB5-0CC2-52C2FC8D8E87}.Debug|Any CPU.ActiveCfg = Debug|Any CPU
		{7750F872-94CC-7FB5-0CC2-52C2FC8D8E87}.Debug|Any CPU.Build.0 = Debug|Any CPU
		{7750F872-94CC-7FB5-0CC2-52C2FC8D8E87}.Release|Any CPU.ActiveCfg = Release|Any CPU
		{7750F872-94CC-7FB5-0CC2-52C2FC8D8E87}.Release|Any CPU.Build.0 = Release|Any CPU
		{643EA24B-9A4C-FD07-642C-6B321A7DECD7}.Debug|Any CPU.ActiveCfg = Debug|Any CPU
		{643EA24B-9A4C-FD07-642C-6B321A7DECD7}.Debug|Any CPU.Build.0 = Debug|Any CPU
		{643EA24B-9A4C-FD07-642C-6B321A7DECD7}.Release|Any CPU.ActiveCfg = Release|Any CPU
		{643EA24B-9A4C-FD07-642C-6B321A7DECD7}.Release|Any CPU.Build.0 = Release|Any CPU
		{7726AA70-B585-0124-7E2F-5E8FC9164AB3}.Debug|Any CPU.ActiveCfg = Debug|Any CPU
		{7726AA70-B585-0124-7E2F-5E8FC9164AB3}.Debug|Any CPU.Build.0 = Debug|Any CPU
		{7726AA70-B585-0124-7E2F-5E8FC9164AB3}.Release|Any CPU.ActiveCfg = Release|Any CPU
		{7726AA70-B585-0124-7E2F-5E8FC9164AB3}.Release|Any CPU.Build.0 = Release|Any CPU
		{313266C4-CF44-AF96-7CB4-E57A9AEAC0C3}.Debug|Any CPU.ActiveCfg = Debug|Any CPU
		{313266C4-CF44-AF96-7CB4-E57A9AEAC0C3}.Debug|Any CPU.Build.0 = Debug|Any CPU
		{313266C4-CF44-AF96-7CB4-E57A9AEAC0C3}.Release|Any CPU.ActiveCfg = Release|Any CPU
		{313266C4-CF44-AF96-7CB4-E57A9AEAC0C3}.Release|Any CPU.Build.0 = Release|Any CPU
		{C4B95DF7-6EAF-B200-8380-244F6BC5DC70}.Debug|Any CPU.ActiveCfg = Debug|Any CPU
		{C4B95DF7-6EAF-B200-8380-244F6BC5DC70}.Debug|Any CPU.Build.0 = Debug|Any CPU
		{C4B95DF7-6EAF-B200-8380-244F6BC5DC70}.Release|Any CPU.ActiveCfg = Release|Any CPU
		{C4B95DF7-6EAF-B200-8380-244F6BC5DC70}.Release|Any CPU.Build.0 = Release|Any CPU
		{2592D89D-5A13-5106-9C48-13CACF1B3A9A}.Debug|Any CPU.ActiveCfg = Debug|Any CPU
		{2592D89D-5A13-5106-9C48-13CACF1B3A9A}.Debug|Any CPU.Build.0 = Debug|Any CPU
		{2592D89D-5A13-5106-9C48-13CACF1B3A9A}.Release|Any CPU.ActiveCfg = Release|Any CPU
		{2592D89D-5A13-5106-9C48-13CACF1B3A9A}.Release|Any CPU.Build.0 = Release|Any CPU
		{2289E7F5-5D75-34D9-1AB8-EEF012855AA6}.Debug|Any CPU.ActiveCfg = Debug|Any CPU
		{2289E7F5-5D75-34D9-1AB8-EEF012855AA6}.Debug|Any CPU.Build.0 = Debug|Any CPU
		{2289E7F5-5D75-34D9-1AB8-EEF012855AA6}.Release|Any CPU.ActiveCfg = Release|Any CPU
		{2289E7F5-5D75-34D9-1AB8-EEF012855AA6}.Release|Any CPU.Build.0 = Release|Any CPU
		{2D6C6D14-FAAC-6FE0-3A6D-704D0BE349E8}.Debug|Any CPU.ActiveCfg = Debug|Any CPU
		{2D6C6D14-FAAC-6FE0-3A6D-704D0BE349E8}.Debug|Any CPU.Build.0 = Debug|Any CPU
		{2D6C6D14-FAAC-6FE0-3A6D-704D0BE349E8}.Release|Any CPU.ActiveCfg = Release|Any CPU
		{2D6C6D14-FAAC-6FE0-3A6D-704D0BE349E8}.Release|Any CPU.Build.0 = Release|Any CPU
		{759A31BC-221C-FAE3-B510-AE47474B8615}.Debug|Any CPU.ActiveCfg = Debug|Any CPU
		{759A31BC-221C-FAE3-B510-AE47474B8615}.Debug|Any CPU.Build.0 = Debug|Any CPU
		{759A31BC-221C-FAE3-B510-AE47474B8615}.Release|Any CPU.ActiveCfg = Release|Any CPU
		{759A31BC-221C-FAE3-B510-AE47474B8615}.Release|Any CPU.Build.0 = Release|Any CPU
		{F67DB283-0226-A7E3-3585-DEA1AB89031E}.Debug|Any CPU.ActiveCfg = Debug|Any CPU
		{F67DB283-0226-A7E3-3585-DEA1AB89031E}.Debug|Any CPU.Build.0 = Debug|Any CPU
		{F67DB283-0226-A7E3-3585-DEA1AB89031E}.Release|Any CPU.ActiveCfg = Release|Any CPU
		{F67DB283-0226-A7E3-3585-DEA1AB89031E}.Release|Any CPU.Build.0 = Release|Any CPU
		{0D2CF8FF-56CE-6F27-3603-AE6F5D51AAE6}.Debug|Any CPU.ActiveCfg = Debug|Any CPU
		{0D2CF8FF-56CE-6F27-3603-AE6F5D51AAE6}.Debug|Any CPU.Build.0 = Debug|Any CPU
		{0D2CF8FF-56CE-6F27-3603-AE6F5D51AAE6}.Release|Any CPU.ActiveCfg = Release|Any CPU
		{0D2CF8FF-56CE-6F27-3603-AE6F5D51AAE6}.Release|Any CPU.Build.0 = Release|Any CPU
	EndGlobalSection
	GlobalSection(SolutionProperties) = preSolution
		HideSolutionNode = FALSE
	EndGlobalSection
EndGlobal
