
Microsoft Visual Studio Solution File, Format Version 12.00
# Visual Studio 15
Project("{FAE04EC0-301F-11D3-BF4B-00C04F79EFBC}") = "Assembly-CSharp-Editor", "Assembly-CSharp-Editor.csproj", "{1DCB5536-66D6-9A51-B996-E6939002FDFA}"
EndProject
Project("{FAE04EC0-301F-11D3-BF4B-00C04F79EFBC}") = "Assembly-CSharp", "Assembly-CSharp.csproj", "{2592D89D-5A13-5106-9C48-13CACF1B3A9A}"
EndProject
Global
	GlobalSection(SolutionConfigurationPlatforms) = preSolution
		Debug|Any CPU = Debug|Any CPU
		Release|Any CPU = Release|Any CPU
	EndGlobalSection
	GlobalSection(ProjectConfigurationPlatforms) = postSolution
		{1DCB5536-66D6-9A51-B996-E6939002FDFA}.Debug|Any CPU.ActiveCfg = Debug|Any CPU
		{1DCB5536-66D6-9A51-B996-E6939002FDFA}.Debug|Any CPU.Build.0 = Debug|Any CPU
		{1DCB5536-66D6-9A51-B996-E6939002FDFA}.Release|Any CPU.ActiveCfg = Release|Any CPU
		{1DCB5536-66D6-9A51-B996-E6939002FDFA}.Release|Any CPU.Build.0 = Release|Any CPU
		{2592D89D-5A13-5106-9C48-13CACF1B3A9A}.Debug|Any CPU.ActiveCfg = Debug|Any CPU
		{2592D89D-5A13-5106-9C48-13CACF1B3A9A}.Debug|Any CPU.Build.0 = Debug|Any CPU
		{2592D89D-5A13-5106-9C48-13CACF1B3A9A}.Release|Any CPU.ActiveCfg = Release|Any CPU
		{2592D89D-5A13-5106-9C48-13CACF1B3A9A}.Release|Any CPU.Build.0 = Release|Any CPU
	EndGlobalSection
	GlobalSection(SolutionProperties) = preSolution
		HideSolutionNode = FALSE
	EndGlobalSection
EndGlobal
